
Microsoft Visual Studio Solution File, Format Version 12.00
# Visual Studio Version 16
VisualStudioVersion = 16.0.30204.135
MinimumVisualStudioVersion = 10.0.40219.1
Project("{9A19103F-16F7-4668-BE54-9A1E7A4F7556}") = "KanbanBoard.Web", "KanbanBoard.Web\KanbanBoard.Web.csproj", "{10D06AAB-507E-42B2-87AB-1C6B04939BF7}"
EndProject
Project("{FAE04EC0-301F-11D3-BF4B-00C04F79EFBC}") = "KanbanBoard.Infrastructure", "KanbanBoard.Infrastructure\KanbanBoard.Infrastructure.csproj", "{F740E3DB-7C5B-4409-A870-9F845385ADEC}"
EndProject
Project("{FAE04EC0-301F-11D3-BF4B-00C04F79EFBC}") = "KanbanBoard.Core", "KanbanBoard.Core\KanbanBoard.Core.csproj", "{48C52B27-11C5-428D-93FD-4EED644C736A}"
EndProject
Project("{FAE04EC0-301F-11D3-BF4B-00C04F79EFBC}") = "KanbanBoard.Core.Tests", "KanbanBoard.Core.Tests\KanbanBoard.Core.Tests.csproj", "{06EC3138-B5E2-4E7F-986D-9956BD8F56B5}"
EndProject
Global
	GlobalSection(SolutionConfigurationPlatforms) = preSolution
		Debug|Any CPU = Debug|Any CPU
		Release|Any CPU = Release|Any CPU
	EndGlobalSection
	GlobalSection(ProjectConfigurationPlatforms) = postSolution
		{10D06AAB-507E-42B2-87AB-1C6B04939BF7}.Debug|Any CPU.ActiveCfg = Debug|Any CPU
		{10D06AAB-507E-42B2-87AB-1C6B04939BF7}.Debug|Any CPU.Build.0 = Debug|Any CPU
		{10D06AAB-507E-42B2-87AB-1C6B04939BF7}.Release|Any CPU.ActiveCfg = Release|Any CPU
		{10D06AAB-507E-42B2-87AB-1C6B04939BF7}.Release|Any CPU.Build.0 = Release|Any CPU
		{F740E3DB-7C5B-4409-A870-9F845385ADEC}.Debug|Any CPU.ActiveCfg = Debug|Any CPU
		{F740E3DB-7C5B-4409-A870-9F845385ADEC}.Debug|Any CPU.Build.0 = Debug|Any CPU
		{F740E3DB-7C5B-4409-A870-9F845385ADEC}.Release|Any CPU.ActiveCfg = Release|Any CPU
		{F740E3DB-7C5B-4409-A870-9F845385ADEC}.Release|Any CPU.Build.0 = Release|Any CPU
		{48C52B27-11C5-428D-93FD-4EED644C736A}.Debug|Any CPU.ActiveCfg = Debug|Any CPU
		{48C52B27-11C5-428D-93FD-4EED644C736A}.Debug|Any CPU.Build.0 = Debug|Any CPU
		{48C52B27-11C5-428D-93FD-4EED644C736A}.Release|Any CPU.ActiveCfg = Release|Any CPU
		{48C52B27-11C5-428D-93FD-4EED644C736A}.Release|Any CPU.Build.0 = Release|Any CPU
		{06EC3138-B5E2-4E7F-986D-9956BD8F56B5}.Debug|Any CPU.ActiveCfg = Debug|Any CPU
		{06EC3138-B5E2-4E7F-986D-9956BD8F56B5}.Debug|Any CPU.Build.0 = Debug|Any CPU
		{06EC3138-B5E2-4E7F-986D-9956BD8F56B5}.Release|Any CPU.ActiveCfg = Release|Any CPU
		{06EC3138-B5E2-4E7F-986D-9956BD8F56B5}.Release|Any CPU.Build.0 = Release|Any CPU
	EndGlobalSection
	GlobalSection(SolutionProperties) = preSolution
		HideSolutionNode = FALSE
	EndGlobalSection
	GlobalSection(ExtensibilityGlobals) = postSolution
		SolutionGuid = {7C1CAC23-12A8-4F8E-B0F5-97BC7B8756FA}
	EndGlobalSection
EndGlobal
